// !$*UTF8*$!
{
	archiveVersion = 1;
	classes = {
	};
	objectVersion = 46;
	objects = {

/* Begin PBXBuildFile section */
		9165F3351EC4048900B461B1 /* AppDelegate.swift in Sources */ = {isa = PBXBuildFile; fileRef = 9165F3341EC4048900B461B1 /* AppDelegate.swift */; };
		9165F3371EC4048900B461B1 /* ViewController.swift in Sources */ = {isa = PBXBuildFile; fileRef = 9165F3361EC4048900B461B1 /* ViewController.swift */; };
		9165F33A1EC4048900B461B1 /* Main.storyboard in Resources */ = {isa = PBXBuildFile; fileRef = 9165F3381EC4048900B461B1 /* Main.storyboard */; };
		9165F33C1EC4048900B461B1 /* Assets.xcassets in Resources */ = {isa = PBXBuildFile; fileRef = 9165F33B1EC4048900B461B1 /* Assets.xcassets */; };
		9165F33F1EC4048900B461B1 /* LaunchScreen.storyboard in Resources */ = {isa = PBXBuildFile; fileRef = 9165F33D1EC4048900B461B1 /* LaunchScreen.storyboard */; };
		9165F3471EC404B100B461B1 /* FantasticView.swift in Sources */ = {isa = PBXBuildFile; fileRef = 9165F3461EC404B100B461B1 /* FantasticView.swift */; };
		9165F3491EC41B6700B461B1 /* ProfileView.swift in Sources */ = {isa = PBXBuildFile; fileRef = 9165F3481EC41B6700B461B1 /* ProfileView.swift */; };
		AA45996DF086F5C2551D266A /* Pods_FantasticView.framework in Frameworks */ = {isa = PBXBuildFile; fileRef = 4F231A622A9200B7FDA6F787 /* Pods_FantasticView.framework */; };
/* End PBXBuildFile section */

/* Begin PBXFileReference section */
		4F231A622A9200B7FDA6F787 /* Pods_FantasticView.framework */ = {isa = PBXFileReference; explicitFileType = wrapper.framework; includeInIndex = 0; path = Pods_FantasticView.framework; sourceTree = BUILT_PRODUCTS_DIR; };
		8F9CC79A0F46DF1B609990E9 /* Pods-FantasticView.debug.xcconfig */ = {isa = PBXFileReference; includeInIndex = 1; lastKnownFileType = text.xcconfig; name = "Pods-FantasticView.debug.xcconfig"; path = "Pods/Target Support Files/Pods-FantasticView/Pods-FantasticView.debug.xcconfig"; sourceTree = "<group>"; };
		9165F3311EC4048900B461B1 /* FantasticView.app */ = {isa = PBXFileReference; explicitFileType = wrapper.application; includeInIndex = 0; path = FantasticView.app; sourceTree = BUILT_PRODUCTS_DIR; };
		9165F3341EC4048900B461B1 /* AppDelegate.swift */ = {isa = PBXFileReference; lastKnownFileType = sourcecode.swift; path = AppDelegate.swift; sourceTree = "<group>"; };
		9165F3361EC4048900B461B1 /* ViewController.swift */ = {isa = PBXFileReference; lastKnownFileType = sourcecode.swift; path = ViewController.swift; sourceTree = "<group>"; };
		9165F3391EC4048900B461B1 /* Base */ = {isa = PBXFileReference; lastKnownFileType = file.storyboard; name = Base; path = Base.lproj/Main.storyboard; sourceTree = "<group>"; };
		9165F33B1EC4048900B461B1 /* Assets.xcassets */ = {isa = PBXFileReference; lastKnownFileType = folder.assetcatalog; path = Assets.xcassets; sourceTree = "<group>"; };
		9165F33E1EC4048900B461B1 /* Base */ = {isa = PBXFileReference; lastKnownFileType = file.storyboard; name = Base; path = Base.lproj/LaunchScreen.storyboard; sourceTree = "<group>"; };
		9165F3401EC4048900B461B1 /* Info.plist */ = {isa = PBXFileReference; lastKnownFileType = text.plist.xml; path = Info.plist; sourceTree = "<group>"; };
		9165F3461EC404B100B461B1 /* FantasticView.swift */ = {isa = PBXFileReference; fileEncoding = 4; lastKnownFileType = sourcecode.swift; path = FantasticView.swift; sourceTree = "<group>"; };
		9165F3481EC41B6700B461B1 /* ProfileView.swift */ = {isa = PBXFileReference; fileEncoding = 4; lastKnownFileType = sourcecode.swift; path = ProfileView.swift; sourceTree = "<group>"; };
		F2BD222F128DF122F0732F73 /* Pods-FantasticView.release.xcconfig */ = {isa = PBXFileReference; includeInIndex = 1; lastKnownFileType = text.xcconfig; name = "Pods-FantasticView.release.xcconfig"; path = "Pods/Target Support Files/Pods-FantasticView/Pods-FantasticView.release.xcconfig"; sourceTree = "<group>"; };
/* End PBXFileReference section */

/* Begin PBXFrameworksBuildPhase section */
		9165F32E1EC4048900B461B1 /* Frameworks */ = {
			isa = PBXFrameworksBuildPhase;
			buildActionMask = 2147483647;
			files = (
				AA45996DF086F5C2551D266A /* Pods_FantasticView.framework in Frameworks */,
			);
			runOnlyForDeploymentPostprocessing = 0;
		};
/* End PBXFrameworksBuildPhase section */

/* Begin PBXGroup section */
		9165F3281EC4048900B461B1 = {
			isa = PBXGroup;
			children = (
				9165F3331EC4048900B461B1 /* FantasticView */,
				9165F3321EC4048900B461B1 /* Products */,
				B94978E434D4FE52486F6F51 /* Pods */,
				95229051C8846D847F1B8DCC /* Frameworks */,
			);
			sourceTree = "<group>";
		};
		9165F3321EC4048900B461B1 /* Products */ = {
			isa = PBXGroup;
			children = (
				9165F3311EC4048900B461B1 /* FantasticView.app */,
			);
			name = Products;
			sourceTree = "<group>";
		};
		9165F3331EC4048900B461B1 /* FantasticView */ = {
			isa = PBXGroup;
			children = (
				9165F3341EC4048900B461B1 /* AppDelegate.swift */,
				9165F3361EC4048900B461B1 /* ViewController.swift */,
				9165F3461EC404B100B461B1 /* FantasticView.swift */,
				9165F3481EC41B6700B461B1 /* ProfileView.swift */,
				9165F3381EC4048900B461B1 /* Main.storyboard */,
				9165F33B1EC4048900B461B1 /* Assets.xcassets */,
				9165F33D1EC4048900B461B1 /* LaunchScreen.storyboard */,
				9165F3401EC4048900B461B1 /* Info.plist */,
			);
			path = FantasticView;
			sourceTree = "<group>";
		};
		95229051C8846D847F1B8DCC /* Frameworks */ = {
			isa = PBXGroup;
			children = (
				4F231A622A9200B7FDA6F787 /* Pods_FantasticView.framework */,
			);
			name = Frameworks;
			sourceTree = "<group>";
		};
		B94978E434D4FE52486F6F51 /* Pods */ = {
			isa = PBXGroup;
			children = (
				8F9CC79A0F46DF1B609990E9 /* Pods-FantasticView.debug.xcconfig */,
				F2BD222F128DF122F0732F73 /* Pods-FantasticView.release.xcconfig */,
			);
			name = Pods;
			sourceTree = "<group>";
		};
/* End PBXGroup section */

/* Begin PBXNativeTarget section */
		9165F3301EC4048900B461B1 /* FantasticView */ = {
			isa = PBXNativeTarget;
			buildConfigurationList = 9165F3431EC4048900B461B1 /* Build configuration list for PBXNativeTarget "FantasticView" */;
			buildPhases = (
				3BC3DF81B28B3654C98533D8 /* [CP] Check Pods Manifest.lock */,
				9165F32D1EC4048900B461B1 /* Sources */,
				9165F32E1EC4048900B461B1 /* Frameworks */,
				9165F32F1EC4048900B461B1 /* Resources */,
				1F88772168C793A385C05486 /* [CP] Embed Pods Frameworks */,
				7507CE5F85338B56C6FCABA3 /* [CP] Copy Pods Resources */,
			);
			buildRules = (
			);
			dependencies = (
			);
			name = FantasticView;
			productName = FantasticView;
			productReference = 9165F3311EC4048900B461B1 /* FantasticView.app */;
			productType = "com.apple.product-type.application";
		};
/* End PBXNativeTarget section */

/* Begin PBXProject section */
		9165F3291EC4048900B461B1 /* Project object */ = {
			isa = PBXProject;
			attributes = {
				LastSwiftUpdateCheck = 0830;
				LastUpgradeCheck = 0830;
				ORGANIZATIONNAME = TutorMing;
				TargetAttributes = {
					9165F3301EC4048900B461B1 = {
						CreatedOnToolsVersion = 8.3.1;
						DevelopmentTeam = 3JU7F96J93;
						ProvisioningStyle = Automatic;
					};
				};
			};
			buildConfigurationList = 9165F32C1EC4048900B461B1 /* Build configuration list for PBXProject "FantasticView" */;
			compatibilityVersion = "Xcode 3.2";
			developmentRegion = English;
			hasScannedForEncodings = 0;
			knownRegions = (
				en,
				Base,
			);
			mainGroup = 9165F3281EC4048900B461B1;
			productRefGroup = 9165F3321EC4048900B461B1 /* Products */;
			projectDirPath = "";
			projectRoot = "";
			targets = (
				9165F3301EC4048900B461B1 /* FantasticView */,
			);
		};
/* End PBXProject section */

/* Begin PBXResourcesBuildPhase section */
		9165F32F1EC4048900B461B1 /* Resources */ = {
			isa = PBXResourcesBuildPhase;
			buildActionMask = 2147483647;
			files = (
				9165F33F1EC4048900B461B1 /* LaunchScreen.storyboard in Resources */,
				9165F33C1EC4048900B461B1 /* Assets.xcassets in Resources */,
				9165F33A1EC4048900B461B1 /* Main.storyboard in Resources */,
			);
			runOnlyForDeploymentPostprocessing = 0;
		};
/* End PBXResourcesBuildPhase section */

/* Begin PBXShellScriptBuildPhase section */
		1F88772168C793A385C05486 /* [CP] Embed Pods Frameworks */ = {
			isa = PBXShellScriptBuildPhase;
			buildActionMask = 2147483647;
			files = (
			);
			inputPaths = (
			);
			name = "[CP] Embed Pods Frameworks";
			outputPaths = (
			);
			runOnlyForDeploymentPostprocessing = 0;
			shellPath = /bin/sh;
			shellScript = "\"${SRCROOT}/Pods/Target Support Files/Pods-FantasticView/Pods-FantasticView-frameworks.sh\"\n";
			showEnvVarsInLog = 0;
		};
		3BC3DF81B28B3654C98533D8 /* [CP] Check Pods Manifest.lock */ = {
			isa = PBXShellScriptBuildPhase;
			buildActionMask = 2147483647;
			files = (
			);
			inputPaths = (
			);
			name = "[CP] Check Pods Manifest.lock";
			outputPaths = (
			);
			runOnlyForDeploymentPostprocessing = 0;
			shellPath = /bin/sh;
			shellScript = "diff \"${PODS_ROOT}/../Podfile.lock\" \"${PODS_ROOT}/Manifest.lock\" > /dev/null\nif [ $? != 0 ] ; then\n    # print error to STDERR\n    echo \"error: The sandbox is not in sync with the Podfile.lock. Run 'pod install' or update your CocoaPods installation.\" >&2\n    exit 1\nfi\n";
			showEnvVarsInLog = 0;
		};
		7507CE5F85338B56C6FCABA3 /* [CP] Copy Pods Resources */ = {
			isa = PBXShellScriptBuildPhase;
			buildActionMask = 2147483647;
			files = (
			);
			inputPaths = (
			);
			name = "[CP] Copy Pods Resources";
			outputPaths = (
			);
			runOnlyForDeploymentPostprocessing = 0;
			shellPath = /bin/sh;
			shellScript = "\"${SRCROOT}/Pods/Target Support Files/Pods-FantasticView/Pods-FantasticView-resources.sh\"\n";
			showEnvVarsInLog = 0;
		};
/* End PBXShellScriptBuildPhase section */

/* Begin PBXSourcesBuildPhase section */
		9165F32D1EC4048900B461B1 /* Sources */ = {
			isa = PBXSourcesBuildPhase;
			buildActionMask = 2147483647;
			files = (
				9165F3491EC41B6700B461B1 /* ProfileView.swift in Sources */,
				9165F3371EC4048900B461B1 /* ViewController.swift in Sources */,
				9165F3351EC4048900B461B1 /* AppDelegate.swift in Sources */,
				9165F3471EC404B100B461B1 /* FantasticView.swift in Sources */,
			);
			runOnlyForDeploymentPostprocessing = 0;
		};
/* End PBXSourcesBuildPhase section */

/* Begin PBXVariantGroup section */
		9165F3381EC4048900B461B1 /* Main.storyboard */ = {
			isa = PBXVariantGroup;
			children = (
				9165F3391EC4048900B461B1 /* Base */,
			);
			name = Main.storyboard;
			sourceTree = "<group>";
		};
		9165F33D1EC4048900B461B1 /* LaunchScreen.storyboard */ = {
			isa = PBXVariantGroup;
			children = (
				9165F33E1EC4048900B461B1 /* Base */,
			);
			name = LaunchScreen.storyboard;
			sourceTree = "<group>";
		};
/* End PBXVariantGroup section */

/* Begin XCBuildConfiguration section */
		9165F3411EC4048900B461B1 /* Debug */ = {
			isa = XCBuildConfiguration;
			buildSettings = {
				ALWAYS_SEARCH_USER_PATHS = NO;
				CLANG_ANALYZER_NONNULL = YES;
				CLANG_ANALYZER_NUMBER_OBJECT_CONVERSION = YES_AGGRESSIVE;
				CLANG_CXX_LANGUAGE_STANDARD = "gnu++0x";
				CLANG_CXX_LIBRARY = "libc++";
				CLANG_ENABLE_MODULES = YES;
				CLANG_ENABLE_OBJC_ARC = YES;
				CLANG_WARN_BOOL_CONVERSION = YES;
				CLANG_WARN_CONSTANT_CONVERSION = YES;
				CLANG_WARN_DIRECT_OBJC_ISA_USAGE = YES_ERROR;
				CLANG_WARN_DOCUMENTATION_COMMENTS = YES;
				CLANG_WARN_EMPTY_BODY = YES;
				CLANG_WARN_ENUM_CONVERSION = YES;
				CLANG_WARN_INFINITE_RECURSION = YES;
				CLANG_WARN_INT_CONVERSION = YES;
				CLANG_WARN_OBJC_ROOT_CLASS = YES_ERROR;
				CLANG_WARN_SUSPICIOUS_MOVE = YES;
				CLANG_WARN_UNREACHABLE_CODE = YES;
				CLANG_WARN__DUPLICATE_METHOD_MATCH = YES;
				"CODE_SIGN_IDENTITY[sdk=iphoneos*]" = "iPhone Developer";
				COPY_PHASE_STRIP = NO;
				DEBUG_INFORMATION_FORMAT = dwarf;
				ENABLE_STRICT_OBJC_MSGSEND = YES;
				ENABLE_TESTABILITY = YES;
				GCC_C_LANGUAGE_STANDARD = gnu99;
				GCC_DYNAMIC_NO_PIC = NO;
				GCC_NO_COMMON_BLOCKS = YES;
				GCC_OPTIMIZATION_LEVEL = 0;
				GCC_PREPROCESSOR_DEFINITIONS = (
					"DEBUG=1",
					"$(inherited)",
				);
				GCC_WARN_64_TO_32_BIT_CONVERSION = YES;
				GCC_WARN_ABOUT_RETURN_TYPE = YES_ERROR;
				GCC_WARN_UNDECLARED_SELECTOR = YES;
				GCC_WARN_UNINITIALIZED_AUTOS = YES_AGGRESSIVE;
				GCC_WARN_UNUSED_FUNCTION = YES;
				GCC_WARN_UNUSED_VARIABLE = YES;
				IPHONEOS_DEPLOYMENT_TARGET = 10.3;
				MTL_ENABLE_DEBUG_INFO = YES;
				ONLY_ACTIVE_ARCH = YES;
				SDKROOT = iphoneos;
				SWIFT_ACTIVE_COMPILATION_CONDITIONS = DEBUG;
				SWIFT_OPTIMIZATION_LEVEL = "-Onone";
			};
			name = Debug;
		};
		9165F3421EC4048900B461B1 /* Release */ = {
			isa = XCBuildConfiguration;
			buildSettings = {
				ALWAYS_SEARCH_USER_PATHS = NO;
				CLANG_ANALYZER_NONNULL = YES;
				CLANG_ANALYZER_NUMBER_OBJECT_CONVERSION = YES_AGGRESSIVE;
				CLANG_CXX_LANGUAGE_STANDARD = "gnu++0x";
				CLANG_CXX_LIBRARY = "libc++";
				CLANG_ENABLE_MODULES = YES;
				CLANG_ENABLE_OBJC_ARC = YES;
				CLANG_WARN_BOOL_CONVERSION = YES;
				CLANG_WARN_CONSTANT_CONVERSION = YES;
				CLANG_WARN_DIRECT_OBJC_ISA_USAGE = YES_ERROR;
				CLANG_WARN_DOCUMENTATION_COMMENTS = YES;
				CLANG_WARN_EMPTY_BODY = YES;
				CLANG_WARN_ENUM_CONVERSION = YES;
				CLANG_WARN_INFINITE_RECURSION = YES;
				CLANG_WARN_INT_CONVERSION = YES;
				CLANG_WARN_OBJC_ROOT_CLASS = YES_ERROR;
				CLANG_WARN_SUSPICIOUS_MOVE = YES;
				CLANG_WARN_UNREACHABLE_CODE = YES;
				CLANG_WARN__DUPLICATE_METHOD_MATCH = YES;
				"CODE_SIGN_IDENTITY[sdk=iphoneos*]" = "iPhone Developer";
				COPY_PHASE_STRIP = NO;
				DEBUG_INFORMATION_FORMAT = "dwarf-with-dsym";
				ENABLE_NS_ASSERTIONS = NO;
				ENABLE_STRICT_OBJC_MSGSEND = YES;
				GCC_C_LANGUAGE_STANDARD = gnu99;
				GCC_NO_COMMON_BLOCKS = YES;
				GCC_WARN_64_TO_32_BIT_CONVERSION = YES;
				GCC_WARN_ABOUT_RETURN_TYPE = YES_ERROR;
				GCC_WARN_UNDECLARED_SELECTOR = YES;
				GCC_WARN_UNINITIALIZED_AUTOS = YES_AGGRESSIVE;
				GCC_WARN_UNUSED_FUNCTION = YES;
				GCC_WARN_UNUSED_VARIABLE = YES;
				IPHONEOS_DEPLOYMENT_TARGET = 10.3;
				MTL_ENABLE_DEBUG_INFO = NO;
				SDKROOT = iphoneos;
				SWIFT_OPTIMIZATION_LEVEL = "-Owholemodule";
				VALIDATE_PRODUCT = YES;
			};
			name = Release;
		};
		9165F3441EC4048900B461B1 /* Debug */ = {
			isa = XCBuildConfiguration;
			baseConfigurationReference = 8F9CC79A0F46DF1B609990E9 /* Pods-FantasticView.debug.xcconfig */;
			buildSettings = {
				ASSETCATALOG_COMPILER_APPICON_NAME = AppIcon;
				DEVELOPMENT_TEAM = 3JU7F96J93;
				INFOPLIST_FILE = FantasticView/Info.plist;
				LD_RUNPATH_SEARCH_PATHS = "$(inherited) @executable_path/Frameworks";
				PRODUCT_BUNDLE_IDENTIFIER = com.tutorming.FantasticView;
				PRODUCT_NAME = "$(TARGET_NAME)";
				SWIFT_VERSION = 3.0;
			};
			name = Debug;
		};
		9165F3451EC4048900B461B1 /* Release */ = {
			isa = XCBuildConfiguration;
			baseConfigurationReference = F2BD222F128DF122F0732F73 /* Pods-FantasticView.release.xcconfig */;
			buildSettings = {
				ASSETCATALOG_COMPILER_APPICON_NAME = AppIcon;
				DEVELOPMENT_TEAM = 3JU7F96J93;
				INFOPLIST_FILE = FantasticView/Info.plist;
				LD_RUNPATH_SEARCH_PATHS = "$(inherited) @executable_path/Frameworks";
				PRODUCT_BUNDLE_IDENTIFIER = com.tutorming.FantasticView;
				PRODUCT_NAME = "$(TARGET_NAME)";
				SWIFT_VERSION = 3.0;
			};
			name = Release;
		};
/* End XCBuildConfiguration section */

/* Begin XCConfigurationList section */
		9165F32C1EC4048900B461B1 /* Build configuration list for PBXProject "FantasticView" */ = {
			isa = XCConfigurationList;
			buildConfigurations = (
				9165F3411EC4048900B461B1 /* Debug */,
				9165F3421EC4048900B461B1 /* Release */,
			);
			defaultConfigurationIsVisible = 0;
			defaultConfigurationName = Release;
		};
		9165F3431EC4048900B461B1 /* Build configuration list for PBXNativeTarget "FantasticView" */ = {
			isa = XCConfigurationList;
			buildConfigurations = (
				9165F3441EC4048900B461B1 /* Debug */,
				9165F3451EC4048900B461B1 /* Release */,
			);
			defaultConfigurationIsVisible = 0;
			defaultConfigurationName = Release;
		};
/* End XCConfigurationList section */
	};
	rootObject = 9165F3291EC4048900B461B1 /* Project object */;
}
